
Microsoft Visual Studio Solution File, Format Version 12.00
Project("{2150E333-8FDC-42A3-9474-1A3956D46DE8}") = "src", "src", "{7084D192-5F1F-4857-9745-4E94F5112F75}"
EndProject
Project("{FAE04EC0-301F-11D3-BF4B-00C04F79EFBC}") = "AGPU.AutomationManagement.Domain", "src\AGPU.AutomationManagement.Domain\AGPU.AutomationManagement.Domain.csproj", "{79FDFBC1-5842-48B0-90DD-794BC7B72D65}"
EndProject
Project("{FAE04EC0-301F-11D3-BF4B-00C04F79EFBC}") = "AGPU.AutomationManagement.DAL.PostgreSQL", "src\AGPU.AutomationManagement.DAL.PostgreSQL\AGPU.AutomationManagement.DAL.PostgreSQL.csproj", "{7091C666-BBE4-49CD-9566-A192839F73F1}"
EndProject
Project("{FAE04EC0-301F-11D3-BF4B-00C04F79EFBC}") = "AGPU.AutomationManagement.Application", "src\AGPU.AutomationManagement.Application\AGPU.AutomationManagement.Application.csproj", "{B14DC3CB-5D81-429A-A864-D716D44F1394}"
EndProject
Project("{FAE04EC0-301F-11D3-BF4B-00C04F79EFBC}") = "AGPU.AutomationManagement.WebApi", "src\AGPU.AutomationManagement.WebApi\AGPU.AutomationManagement.WebApi.csproj", "{0C85E0EE-A79E-4C0A-9731-94C7470C13AE}"
EndProject
Project("{2150E333-8FDC-42A3-9474-1A3956D46DE8}") = "Solution Items", "Solution Items", "{BDAF890C-8096-47CC-8D87-61F86576C249}"
	ProjectSection(SolutionItems) = preProject
		docker-compose.yaml = docker-compose.yaml
	EndProjectSection
EndProject
Global
	GlobalSection(SolutionConfigurationPlatforms) = preSolution
		Debug|Any CPU = Debug|Any CPU
		Release|Any CPU = Release|Any CPU
	EndGlobalSection
	GlobalSection(NestedProjects) = preSolution
		{79FDFBC1-5842-48B0-90DD-794BC7B72D65} = {7084D192-5F1F-4857-9745-4E94F5112F75}
		{7091C666-BBE4-49CD-9566-A192839F73F1} = {7084D192-5F1F-4857-9745-4E94F5112F75}
		{B14DC3CB-5D81-429A-A864-D716D44F1394} = {7084D192-5F1F-4857-9745-4E94F5112F75}
		{0C85E0EE-A79E-4C0A-9731-94C7470C13AE} = {7084D192-5F1F-4857-9745-4E94F5112F75}
	EndGlobalSection
	GlobalSection(ProjectConfigurationPlatforms) = postSolution
		{79FDFBC1-5842-48B0-90DD-794BC7B72D65}.Debug|Any CPU.ActiveCfg = Debug|Any CPU
		{79FDFBC1-5842-48B0-90DD-794BC7B72D65}.Debug|Any CPU.Build.0 = Debug|Any CPU
		{79FDFBC1-5842-48B0-90DD-794BC7B72D65}.Release|Any CPU.ActiveCfg = Release|Any CPU
		{79FDFBC1-5842-48B0-90DD-794BC7B72D65}.Release|Any CPU.Build.0 = Release|Any CPU
		{7091C666-BBE4-49CD-9566-A192839F73F1}.Debug|Any CPU.ActiveCfg = Debug|Any CPU
		{7091C666-BBE4-49CD-9566-A192839F73F1}.Debug|Any CPU.Build.0 = Debug|Any CPU
		{7091C666-BBE4-49CD-9566-A192839F73F1}.Release|Any CPU.ActiveCfg = Release|Any CPU
		{7091C666-BBE4-49CD-9566-A192839F73F1}.Release|Any CPU.Build.0 = Release|Any CPU
		{B14DC3CB-5D81-429A-A864-D716D44F1394}.Debug|Any CPU.ActiveCfg = Debug|Any CPU
		{B14DC3CB-5D81-429A-A864-D716D44F1394}.Debug|Any CPU.Build.0 = Debug|Any CPU
		{B14DC3CB-5D81-429A-A864-D716D44F1394}.Release|Any CPU.ActiveCfg = Release|Any CPU
		{B14DC3CB-5D81-429A-A864-D716D44F1394}.Release|Any CPU.Build.0 = Release|Any CPU
		{0C85E0EE-A79E-4C0A-9731-94C7470C13AE}.Debug|Any CPU.ActiveCfg = Debug|Any CPU
		{0C85E0EE-A79E-4C0A-9731-94C7470C13AE}.Debug|Any CPU.Build.0 = Debug|Any CPU
		{0C85E0EE-A79E-4C0A-9731-94C7470C13AE}.Release|Any CPU.ActiveCfg = Release|Any CPU
		{0C85E0EE-A79E-4C0A-9731-94C7470C13AE}.Release|Any CPU.Build.0 = Release|Any CPU
	EndGlobalSection
EndGlobal
